PODS:
  - FBSnapshotTestCase (2.1.4):
    - FBSnapshotTestCase/SwiftSupport (= 2.1.4)
  - FBSnapshotTestCase/Core (2.1.4)
  - FBSnapshotTestCase/SwiftSupport (2.1.4):
    - FBSnapshotTestCase/Core
  - photoPicker (0.0.0.1)

DEPENDENCIES:
  - FBSnapshotTestCase
  - photoPicker (from `../`)

EXTERNAL SOURCES:
  photoPicker:
    :path: ../

SPEC CHECKSUMS:
  FBSnapshotTestCase: 094f9f314decbabe373b87cc339bea235a63e07a
  photoPicker: 7107be3395871669f1696cee66b94b0d5c8caf75

PODFILE CHECKSUM: 833c5ccb85fd654f961c22024f5da1f9a4f862dd

COCOAPODS: 1.3.1
